
Microsoft Visual Studio Solution File, Format Version 12.00
# Visual Studio Version 17
VisualStudioVersion = 17.10.35027.167
MinimumVisualStudioVersion = 10.0.40219.1
Project("{FAE04EC0-301F-11D3-BF4B-00C04F79EFBC}") = "calender controls", "calender controls.csproj", "{50734215-6E5A-4A62-8F1F-7A595E94657B}"
EndProject
Global
	GlobalSection(SolutionConfigurationPlatforms) = preSolution
		Debug|Any CPU = Debug|Any CPU
		Release|Any CPU = Release|Any CPU
	EndGlobalSection
	GlobalSection(ProjectConfigurationPlatforms) = postSolution
		{50734215-6E5A-4A62-8F1F-7A595E94657B}.Debug|Any CPU.ActiveCfg = Debug|Any CPU
		{50734215-6E5A-4A62-8F1F-7A595E94657B}.Debug|Any CPU.Build.0 = Debug|Any CPU
		{50734215-6E5A-4A62-8F1F-7A595E94657B}.Release|Any CPU.ActiveCfg = Release|Any CPU
		{50734215-6E5A-4A62-8F1F-7A595E94657B}.Release|Any CPU.Build.0 = Release|Any CPU
	EndGlobalSection
	GlobalSection(SolutionProperties) = preSolution
		HideSolutionNode = FALSE
	EndGlobalSection
	GlobalSection(ExtensibilityGlobals) = postSolution
		SolutionGuid = {FE349EA4-ED03-4A3D-B936-D83F0B8BFBC9}
	EndGlobalSection
EndGlobal
